// !$*UTF8*$!
{
	archiveVersion = 1;
	classes = {
	};
	objectVersion = 46;
	objects = {

/* Begin PBXBuildFile section */
		3622ED8D1D478930005672C0 /* main.m in Sources */ = {isa = PBXBuildFile; fileRef = 3622ED8C1D478930005672C0 /* main.m */; };
		3622ED901D478930005672C0 /* AppDelegate.m in Sources */ = {isa = PBXBuildFile; fileRef = 3622ED8F1D478930005672C0 /* AppDelegate.m */; };
		3622ED961D478930005672C0 /* Main.storyboard in Resources */ = {isa = PBXBuildFile; fileRef = 3622ED941D478930005672C0 /* Main.storyboard */; };
		3622ED981D478930005672C0 /* Assets.xcassets in Resources */ = {isa = PBXBuildFile; fileRef = 3622ED971D478930005672C0 /* Assets.xcassets */; };
		3622ED9B1D478930005672C0 /* LaunchScreen.storyboard in Resources */ = {isa = PBXBuildFile; fileRef = 3622ED991D478930005672C0 /* LaunchScreen.storyboard */; };
		3622EDA61D478930005672C0 /* CSRecordUITests.m in Sources */ = {isa = PBXBuildFile; fileRef = 3622EDA51D478930005672C0 /* CSRecordUITests.m */; };
		3622EDB21D47894F005672C0 /* MakeVoiceNoticeController.m in Sources */ = {isa = PBXBuildFile; fileRef = 3622EDB11D47894F005672C0 /* MakeVoiceNoticeController.m */; };
		3622EDB61D478959005672C0 /* libmp3lame.a in Frameworks */ = {isa = PBXBuildFile; fileRef = 3622EDB51D478959005672C0 /* libmp3lame.a */; };
		3622EDC81D478961005672C0 /* rcirle_high@2x.png in Resources */ = {isa = PBXBuildFile; fileRef = 3622EDB81D478961005672C0 /* rcirle_high@2x.png */; };
		3622EDCA1D478961005672C0 /* rcirle_norm@2x.png in Resources */ = {isa = PBXBuildFile; fileRef = 3622EDBA1D478961005672C0 /* rcirle_norm@2x.png */; };
		3622EDD91D478971005672C0 /* AVFoundation.framework in Frameworks */ = {isa = PBXBuildFile; fileRef = 3622EDD81D478971005672C0 /* AVFoundation.framework */; };
		65B62AD41DCADC9B006BAC69 /* record_norm@2x.png in Resources */ = {isa = PBXBuildFile; fileRef = 65B62ACF1DCADC9B006BAC69 /* record_norm@2x.png */; };
		65B62AD51DCADC9B006BAC69 /* record_high@2x.png in Resources */ = {isa = PBXBuildFile; fileRef = 65B62AD01DCADC9B006BAC69 /* record_high@2x.png */; };
		65B62AD61DCADC9B006BAC69 /* voice1@2x.png in Resources */ = {isa = PBXBuildFile; fileRef = 65B62AD11DCADC9B006BAC69 /* voice1@2x.png */; };
		65B62AD71DCADC9B006BAC69 /* voice2@2x.png in Resources */ = {isa = PBXBuildFile; fileRef = 65B62AD21DCADC9B006BAC69 /* voice2@2x.png */; };
		65B62AD81DCADC9B006BAC69 /* voice3@2x.png in Resources */ = {isa = PBXBuildFile; fileRef = 65B62AD31DCADC9B006BAC69 /* voice3@2x.png */; };
		65B62ADA1DCADD04006BAC69 /* voice@2x.png in Resources */ = {isa = PBXBuildFile; fileRef = 65B62AD91DCADD04006BAC69 /* voice@2x.png */; };
/* End PBXBuildFile section */

/* Begin PBXContainerItemProxy section */
		3622EDA21D478930005672C0 /* PBXContainerItemProxy */ = {
			isa = PBXContainerItemProxy;
			containerPortal = 3622ED801D478930005672C0 /* Project object */;
			proxyType = 1;
			remoteGlobalIDString = 3622ED871D478930005672C0;
			remoteInfo = CSRecord;
		};
/* End PBXContainerItemProxy section */

/* Begin PBXFileReference section */
		3622ED881D478930005672C0 /* CSRecord.app */ = {isa = PBXFileReference; explicitFileType = wrapper.application; includeInIndex = 0; path = CSRecord.app; sourceTree = BUILT_PRODUCTS_DIR; };
		3622ED8C1D478930005672C0 /* main.m */ = {isa = PBXFileReference; lastKnownFileType = sourcecode.c.objc; path = main.m; sourceTree = "<group>"; };
		3622ED8E1D478930005672C0 /* AppDelegate.h */ = {isa = PBXFileReference; lastKnownFileType = sourcecode.c.h; path = AppDelegate.h; sourceTree = "<group>"; };
		3622ED8F1D478930005672C0 /* AppDelegate.m */ = {isa = PBXFileReference; lastKnownFileType = sourcecode.c.objc; path = AppDelegate.m; sourceTree = "<group>"; };
		3622ED951D478930005672C0 /* Base */ = {isa = PBXFileReference; lastKnownFileType = file.storyboard; name = Base; path = Base.lproj/Main.storyboard; sourceTree = "<group>"; };
		3622ED971D478930005672C0 /* Assets.xcassets */ = {isa = PBXFileReference; lastKnownFileType = folder.assetcatalog; path = Assets.xcassets; sourceTree = "<group>"; };
		3622ED9A1D478930005672C0 /* Base */ = {isa = PBXFileReference; lastKnownFileType = file.storyboard; name = Base; path = Base.lproj/LaunchScreen.storyboard; sourceTree = "<group>"; };
		3622ED9C1D478930005672C0 /* Info.plist */ = {isa = PBXFileReference; lastKnownFileType = text.plist.xml; path = Info.plist; sourceTree = "<group>"; };
		3622EDA11D478930005672C0 /* CSRecordUITests.xctest */ = {isa = PBXFileReference; explicitFileType = wrapper.cfbundle; includeInIndex = 0; path = CSRecordUITests.xctest; sourceTree = BUILT_PRODUCTS_DIR; };
		3622EDA51D478930005672C0 /* CSRecordUITests.m */ = {isa = PBXFileReference; lastKnownFileType = sourcecode.c.objc; path = CSRecordUITests.m; sourceTree = "<group>"; };
		3622EDA71D478930005672C0 /* Info.plist */ = {isa = PBXFileReference; lastKnownFileType = text.plist.xml; path = Info.plist; sourceTree = "<group>"; };
		3622EDB01D47894F005672C0 /* MakeVoiceNoticeController.h */ = {isa = PBXFileReference; fileEncoding = 4; lastKnownFileType = sourcecode.c.h; path = MakeVoiceNoticeController.h; sourceTree = "<group>"; };
		3622EDB11D47894F005672C0 /* MakeVoiceNoticeController.m */ = {isa = PBXFileReference; fileEncoding = 4; lastKnownFileType = sourcecode.c.objc; path = MakeVoiceNoticeController.m; sourceTree = "<group>"; };
		3622EDB41D478959005672C0 /* lame.h */ = {isa = PBXFileReference; fileEncoding = 4; lastKnownFileType = sourcecode.c.h; path = lame.h; sourceTree = "<group>"; };
		3622EDB51D478959005672C0 /* libmp3lame.a */ = {isa = PBXFileReference; lastKnownFileType = archive.ar; path = libmp3lame.a; sourceTree = "<group>"; };
		3622EDB81D478961005672C0 /* rcirle_high@2x.png */ = {isa = PBXFileReference; lastKnownFileType = image.png; path = "rcirle_high@2x.png"; sourceTree = "<group>"; };
		3622EDBA1D478961005672C0 /* rcirle_norm@2x.png */ = {isa = PBXFileReference; lastKnownFileType = image.png; path = "rcirle_norm@2x.png"; sourceTree = "<group>"; };
		3622EDD81D478971005672C0 /* AVFoundation.framework */ = {isa = PBXFileReference; lastKnownFileType = wrapper.framework; name = AVFoundation.framework; path = System/Library/Frameworks/AVFoundation.framework; sourceTree = SDKROOT; };
		65B62ACF1DCADC9B006BAC69 /* record_norm@2x.png */ = {isa = PBXFileReference; lastKnownFileType = image.png; path = "record_norm@2x.png"; sourceTree = "<group>"; };
		65B62AD01DCADC9B006BAC69 /* record_high@2x.png */ = {isa = PBXFileReference; lastKnownFileType = image.png; path = "record_high@2x.png"; sourceTree = "<group>"; };
		65B62AD11DCADC9B006BAC69 /* voice1@2x.png */ = {isa = PBXFileReference; lastKnownFileType = image.png; path = "voice1@2x.png"; sourceTree = "<group>"; };
		65B62AD21DCADC9B006BAC69 /* voice2@2x.png */ = {isa = PBXFileReference; lastKnownFileType = image.png; path = "voice2@2x.png"; sourceTree = "<group>"; };
		65B62AD31DCADC9B006BAC69 /* voice3@2x.png */ = {isa = PBXFileReference; lastKnownFileType = image.png; path = "voice3@2x.png"; sourceTree = "<group>"; };
		65B62AD91DCADD04006BAC69 /* voice@2x.png */ = {isa = PBXFileReference; lastKnownFileType = image.png; path = "voice@2x.png"; sourceTree = "<group>"; };
/* End PBXFileReference section */

/* Begin PBXFrameworksBuildPhase section */
		3622ED851D478930005672C0 /* Frameworks */ = {
			isa = PBXFrameworksBuildPhase;
			buildActionMask = 2147483647;
			files = (
				3622EDD91D478971005672C0 /* AVFoundation.framework in Frameworks */,
				3622EDB61D478959005672C0 /* libmp3lame.a in Frameworks */,
			);
			runOnlyForDeploymentPostprocessing = 0;
		};
		3622ED9E1D478930005672C0 /* Frameworks */ = {
			isa = PBXFrameworksBuildPhase;
			buildActionMask = 2147483647;
			files = (
			);
			runOnlyForDeploymentPostprocessing = 0;
		};
/* End PBXFrameworksBuildPhase section */

/* Begin PBXGroup section */
		3622ED7F1D478930005672C0 = {
			isa = PBXGroup;
			children = (
				3622EDD81D478971005672C0 /* AVFoundation.framework */,
				3622ED8A1D478930005672C0 /* CSRecord */,
				3622EDA41D478930005672C0 /* CSRecordUITests */,
				3622ED891D478930005672C0 /* Products */,
			);
			sourceTree = "<group>";
		};
		3622ED891D478930005672C0 /* Products */ = {
			isa = PBXGroup;
			children = (
				3622ED881D478930005672C0 /* CSRecord.app */,
				3622EDA11D478930005672C0 /* CSRecordUITests.xctest */,
			);
			name = Products;
			sourceTree = "<group>";
		};
		3622ED8A1D478930005672C0 /* CSRecord */ = {
			isa = PBXGroup;
			children = (
				3622EDB71D478961005672C0 /* Voice */,
				3622EDB31D478959005672C0 /* lame */,
				3622EDB01D47894F005672C0 /* MakeVoiceNoticeController.h */,
				3622EDB11D47894F005672C0 /* MakeVoiceNoticeController.m */,
				3622ED8E1D478930005672C0 /* AppDelegate.h */,
				3622ED8F1D478930005672C0 /* AppDelegate.m */,
				3622ED941D478930005672C0 /* Main.storyboard */,
				3622ED971D478930005672C0 /* Assets.xcassets */,
				3622ED991D478930005672C0 /* LaunchScreen.storyboard */,
				3622ED9C1D478930005672C0 /* Info.plist */,
				3622ED8B1D478930005672C0 /* Supporting Files */,
			);
			path = CSRecord;
			sourceTree = "<group>";
		};
		3622ED8B1D478930005672C0 /* Supporting Files */ = {
			isa = PBXGroup;
			children = (
				3622ED8C1D478930005672C0 /* main.m */,
			);
			name = "Supporting Files";
			sourceTree = "<group>";
		};
		3622EDA41D478930005672C0 /* CSRecordUITests */ = {
			isa = PBXGroup;
			children = (
				3622EDA51D478930005672C0 /* CSRecordUITests.m */,
				3622EDA71D478930005672C0 /* Info.plist */,
			);
			path = CSRecordUITests;
			sourceTree = "<group>";
		};
		3622EDB31D478959005672C0 /* lame */ = {
			isa = PBXGroup;
			children = (
				3622EDB41D478959005672C0 /* lame.h */,
				3622EDB51D478959005672C0 /* libmp3lame.a */,
			);
			path = lame;
			sourceTree = "<group>";
		};
		3622EDB71D478961005672C0 /* Voice */ = {
			isa = PBXGroup;
			children = (
				3622EDB81D478961005672C0 /* rcirle_high@2x.png */,
				3622EDBA1D478961005672C0 /* rcirle_norm@2x.png */,
				65B62ACF1DCADC9B006BAC69 /* record_norm@2x.png */,
				65B62AD01DCADC9B006BAC69 /* record_high@2x.png */,
				65B62AD11DCADC9B006BAC69 /* voice1@2x.png */,
				65B62AD21DCADC9B006BAC69 /* voice2@2x.png */,
				65B62AD31DCADC9B006BAC69 /* voice3@2x.png */,
				65B62AD91DCADD04006BAC69 /* voice@2x.png */,
			);
			path = Voice;
			sourceTree = "<group>";
		};
/* End PBXGroup section */

/* Begin PBXNativeTarget section */
		3622ED871D478930005672C0 /* CSRecord */ = {
			isa = PBXNativeTarget;
			buildConfigurationList = 3622EDAA1D478930005672C0 /* Build configuration list for PBXNativeTarget "CSRecord" */;
			buildPhases = (
				3622ED841D478930005672C0 /* Sources */,
				3622ED851D478930005672C0 /* Frameworks */,
				3622ED861D478930005672C0 /* Resources */,
			);
			buildRules = (
			);
			dependencies = (
			);
			name = CSRecord;
			productName = CSRecord;
			productReference = 3622ED881D478930005672C0 /* CSRecord.app */;
			productType = "com.apple.product-type.application";
		};
		3622EDA01D478930005672C0 /* CSRecordUITests */ = {
			isa = PBXNativeTarget;
			buildConfigurationList = 3622EDAD1D478930005672C0 /* Build configuration list for PBXNativeTarget "CSRecordUITests" */;
			buildPhases = (
				3622ED9D1D478930005672C0 /* Sources */,
				3622ED9E1D478930005672C0 /* Frameworks */,
				3622ED9F1D478930005672C0 /* Resources */,
			);
			buildRules = (
			);
			dependencies = (
				3622EDA31D478930005672C0 /* PBXTargetDependency */,
			);
			name = CSRecordUITests;
			productName = CSRecordUITests;
			productReference = 3622EDA11D478930005672C0 /* CSRecordUITests.xctest */;
			productType = "com.apple.product-type.bundle.ui-testing";
		};
/* End PBXNativeTarget section */

/* Begin PBXProject section */
		3622ED801D478930005672C0 /* Project object */ = {
			isa = PBXProject;
			attributes = {
				LastUpgradeCheck = 0730;
				ORGANIZATIONNAME = shu;
				TargetAttributes = {
					3622ED871D478930005672C0 = {
						CreatedOnToolsVersion = 7.3;
						DevelopmentTeam = MV66W2S852;
					};
					3622EDA01D478930005672C0 = {
						CreatedOnToolsVersion = 7.3;
						TestTargetID = 3622ED871D478930005672C0;
					};
				};
			};
			buildConfigurationList = 3622ED831D478930005672C0 /* Build configuration list for PBXProject "CSRecord" */;
			compatibilityVersion = "Xcode 3.2";
			developmentRegion = English;
			hasScannedForEncodings = 0;
			knownRegions = (
				en,
				Base,
			);
			mainGroup = 3622ED7F1D478930005672C0;
			productRefGroup = 3622ED891D478930005672C0 /* Products */;
			projectDirPath = "";
			projectRoot = "";
			targets = (
				3622ED871D478930005672C0 /* CSRecord */,
				3622EDA01D478930005672C0 /* CSRecordUITests */,
			);
		};
/* End PBXProject section */

/* Begin PBXResourcesBuildPhase section */
		3622ED861D478930005672C0 /* Resources */ = {
			isa = PBXResourcesBuildPhase;
			buildActionMask = 2147483647;
			files = (
				3622ED9B1D478930005672C0 /* LaunchScreen.storyboard in Resources */,
				65B62AD61DCADC9B006BAC69 /* voice1@2x.png in Resources */,
				65B62AD51DCADC9B006BAC69 /* record_high@2x.png in Resources */,
				3622EDCA1D478961005672C0 /* rcirle_norm@2x.png in Resources */,
				3622ED981D478930005672C0 /* Assets.xcassets in Resources */,
				65B62AD81DCADC9B006BAC69 /* voice3@2x.png in Resources */,
				65B62AD71DCADC9B006BAC69 /* voice2@2x.png in Resources */,
				3622ED961D478930005672C0 /* Main.storyboard in Resources */,
				65B62AD41DCADC9B006BAC69 /* record_norm@2x.png in Resources */,
				65B62ADA1DCADD04006BAC69 /* voice@2x.png in Resources */,
				3622EDC81D478961005672C0 /* rcirle_high@2x.png in Resources */,
			);
			runOnlyForDeploymentPostprocessing = 0;
		};
		3622ED9F1D478930005672C0 /* Resources */ = {
			isa = PBXResourcesBuildPhase;
			buildActionMask = 2147483647;
			files = (
			);
			runOnlyForDeploymentPostprocessing = 0;
		};
/* End PBXResourcesBuildPhase section */

/* Begin PBXSourcesBuildPhase section */
		3622ED841D478930005672C0 /* Sources */ = {
			isa = PBXSourcesBuildPhase;
			buildActionMask = 2147483647;
			files = (
				3622EDB21D47894F005672C0 /* MakeVoiceNoticeController.m in Sources */,
				3622ED901D478930005672C0 /* AppDelegate.m in Sources */,
				3622ED8D1D478930005672C0 /* main.m in Sources */,
			);
			runOnlyForDeploymentPostprocessing = 0;
		};
		3622ED9D1D478930005672C0 /* Sources */ = {
			isa = PBXSourcesBuildPhase;
			buildActionMask = 2147483647;
			files = (
				3622EDA61D478930005672C0 /* CSRecordUITests.m in Sources */,
			);
			runOnlyForDeploymentPostprocessing = 0;
		};
/* End PBXSourcesBuildPhase section */

/* Begin PBXTargetDependency section */
		3622EDA31D478930005672C0 /* PBXTargetDependency */ = {
			isa = PBXTargetDependency;
			target = 3622ED871D478930005672C0 /* CSRecord */;
			targetProxy = 3622EDA21D478930005672C0 /* PBXContainerItemProxy */;
		};
/* End PBXTargetDependency section */

/* Begin PBXVariantGroup section */
		3622ED941D478930005672C0 /* Main.storyboard */ = {
			isa = PBXVariantGroup;
			children = (
				3622ED951D478930005672C0 /* Base */,
			);
			name = Main.storyboard;
			sourceTree = "<group>";
		};
		3622ED991D478930005672C0 /* LaunchScreen.storyboard */ = {
			isa = PBXVariantGroup;
			children = (
				3622ED9A1D478930005672C0 /* Base */,
			);
			name = LaunchScreen.storyboard;
			sourceTree = "<group>";
		};
/* End PBXVariantGroup section */

/* Begin XCBuildConfiguration section */
		3622EDA81D478930005672C0 /* Debug */ = {
			isa = XCBuildConfiguration;
			buildSettings = {
				ALWAYS_SEARCH_USER_PATHS = NO;
				CLANG_ANALYZER_NONNULL = YES;
				CLANG_CXX_LANGUAGE_STANDARD = "gnu++0x";
				CLANG_CXX_LIBRARY = "libc++";
				CLANG_ENABLE_MODULES = YES;
				CLANG_ENABLE_OBJC_ARC = YES;
				CLANG_WARN_BOOL_CONVERSION = YES;
				CLANG_WARN_CONSTANT_CONVERSION = YES;
				CLANG_WARN_DIRECT_OBJC_ISA_USAGE = YES_ERROR;
				CLANG_WARN_EMPTY_BODY = YES;
				CLANG_WARN_ENUM_CONVERSION = YES;
				CLANG_WARN_INT_CONVERSION = YES;
				CLANG_WARN_OBJC_ROOT_CLASS = YES_ERROR;
				CLANG_WARN_UNREACHABLE_CODE = YES;
				CLANG_WARN__DUPLICATE_METHOD_MATCH = YES;
				"CODE_SIGN_IDENTITY[sdk=iphoneos*]" = "iPhone Developer";
				COPY_PHASE_STRIP = NO;
				DEBUG_INFORMATION_FORMAT = dwarf;
				ENABLE_BITCODE = NO;
				ENABLE_STRICT_OBJC_MSGSEND = YES;
				ENABLE_TESTABILITY = YES;
				GCC_C_LANGUAGE_STANDARD = gnu99;
				GCC_DYNAMIC_NO_PIC = NO;
				GCC_NO_COMMON_BLOCKS = YES;
				GCC_OPTIMIZATION_LEVEL = 0;
				GCC_PREPROCESSOR_DEFINITIONS = (
					"DEBUG=1",
					"$(inherited)",
				);
				GCC_WARN_64_TO_32_BIT_CONVERSION = YES;
				GCC_WARN_ABOUT_RETURN_TYPE = YES_ERROR;
				GCC_WARN_UNDECLARED_SELECTOR = YES;
				GCC_WARN_UNINITIALIZED_AUTOS = YES_AGGRESSIVE;
				GCC_WARN_UNUSED_FUNCTION = YES;
				GCC_WARN_UNUSED_VARIABLE = YES;
				IPHONEOS_DEPLOYMENT_TARGET = 9.3;
				MTL_ENABLE_DEBUG_INFO = YES;
				ONLY_ACTIVE_ARCH = YES;
				SDKROOT = iphoneos;
				TARGETED_DEVICE_FAMILY = "1,2";
			};
			name = Debug;
		};
		3622EDA91D478930005672C0 /* Release */ = {
			isa = XCBuildConfiguration;
			buildSettings = {
				ALWAYS_SEARCH_USER_PATHS = NO;
				CLANG_ANALYZER_NONNULL = YES;
				CLANG_CXX_LANGUAGE_STANDARD = "gnu++0x";
				CLANG_CXX_LIBRARY = "libc++";
				CLANG_ENABLE_MODULES = YES;
				CLANG_ENABLE_OBJC_ARC = YES;
				CLANG_WARN_BOOL_CONVERSION = YES;
				CLANG_WARN_CONSTANT_CONVERSION = YES;
				CLANG_WARN_DIRECT_OBJC_ISA_USAGE = YES_ERROR;
				CLANG_WARN_EMPTY_BODY = YES;
				CLANG_WARN_ENUM_CONVERSION = YES;
				CLANG_WARN_INT_CONVERSION = YES;
				CLANG_WARN_OBJC_ROOT_CLASS = YES_ERROR;
				CLANG_WARN_UNREACHABLE_CODE = YES;
				CLANG_WARN__DUPLICATE_METHOD_MATCH = YES;
				"CODE_SIGN_IDENTITY[sdk=iphoneos*]" = "iPhone Developer";
				COPY_PHASE_STRIP = NO;
				DEBUG_INFORMATION_FORMAT = "dwarf-with-dsym";
				ENABLE_BITCODE = NO;
				ENABLE_NS_ASSERTIONS = NO;
				ENABLE_STRICT_OBJC_MSGSEND = YES;
				GCC_C_LANGUAGE_STANDARD = gnu99;
				GCC_NO_COMMON_BLOCKS = YES;
				GCC_WARN_64_TO_32_BIT_CONVERSION = YES;
				GCC_WARN_ABOUT_RETURN_TYPE = YES_ERROR;
				GCC_WARN_UNDECLARED_SELECTOR = YES;
				GCC_WARN_UNINITIALIZED_AUTOS = YES_AGGRESSIVE;
				GCC_WARN_UNUSED_FUNCTION = YES;
				GCC_WARN_UNUSED_VARIABLE = YES;
				IPHONEOS_DEPLOYMENT_TARGET = 9.3;
				MTL_ENABLE_DEBUG_INFO = NO;
				SDKROOT = iphoneos;
				TARGETED_DEVICE_FAMILY = "1,2";
				VALIDATE_PRODUCT = YES;
			};
			name = Release;
		};
		3622EDAB1D478930005672C0 /* Debug */ = {
			isa = XCBuildConfiguration;
			buildSettings = {
				ASSETCATALOG_COMPILER_APPICON_NAME = AppIcon;
				DEVELOPMENT_TEAM = MV66W2S852;
				ENABLE_BITCODE = NO;
				INFOPLIST_FILE = CSRecord/Info.plist;
				LD_RUNPATH_SEARCH_PATHS = "$(inherited) @executable_path/Frameworks";
				LIBRARY_SEARCH_PATHS = (
					"$(inherited)",
					"$(PROJECT_DIR)/CSRecord/lame",
				);
				PRODUCT_BUNDLE_IDENTIFIER = com.chris.CSRecord;
				PRODUCT_NAME = "$(TARGET_NAME)";
			};
			name = Debug;
		};
		3622EDAC1D478930005672C0 /* Release */ = {
			isa = XCBuildConfiguration;
			buildSettings = {
				ASSETCATALOG_COMPILER_APPICON_NAME = AppIcon;
				DEVELOPMENT_TEAM = MV66W2S852;
				ENABLE_BITCODE = NO;
				INFOPLIST_FILE = CSRecord/Info.plist;
				LD_RUNPATH_SEARCH_PATHS = "$(inherited) @executable_path/Frameworks";
				LIBRARY_SEARCH_PATHS = (
					"$(inherited)",
					"$(PROJECT_DIR)/CSRecord/lame",
				);
				PRODUCT_BUNDLE_IDENTIFIER = com.chris.CSRecord;
				PRODUCT_NAME = "$(TARGET_NAME)";
			};
			name = Release;
		};
		3622EDAE1D478930005672C0 /* Debug */ = {
			isa = XCBuildConfiguration;
			buildSettings = {
				INFOPLIST_FILE = CSRecordUITests/Info.plist;
				LD_RUNPATH_SEARCH_PATHS = "$(inherited) @executable_path/Frameworks @loader_path/Frameworks";
				PRODUCT_BUNDLE_IDENTIFIER = com.chris.CSRecordUITests;
				PRODUCT_NAME = "$(TARGET_NAME)";
				TEST_TARGET_NAME = CSRecord;
			};
			name = Debug;
		};
		3622EDAF1D478930005672C0 /* Release */ = {
			isa = XCBuildConfiguration;
			buildSettings = {
				INFOPLIST_FILE = CSRecordUITests/Info.plist;
				LD_RUNPATH_SEARCH_PATHS = "$(inherited) @executable_path/Frameworks @loader_path/Frameworks";
				PRODUCT_BUNDLE_IDENTIFIER = com.chris.CSRecordUITests;
				PRODUCT_NAME = "$(TARGET_NAME)";
				TEST_TARGET_NAME = CSRecord;
			};
			name = Release;
		};
/* End XCBuildConfiguration section */

/* Begin XCConfigurationList section */
		3622ED831D478930005672C0 /* Build configuration list for PBXProject "CSRecord" */ = {
			isa = XCConfigurationList;
			buildConfigurations = (
				3622EDA81D478930005672C0 /* Debug */,
				3622EDA91D478930005672C0 /* Release */,
			);
			defaultConfigurationIsVisible = 0;
			defaultConfigurationName = Release;
		};
		3622EDAA1D478930005672C0 /* Build configuration list for PBXNativeTarget "CSRecord" */ = {
			isa = XCConfigurationList;
			buildConfigurations = (
				3622EDAB1D478930005672C0 /* Debug */,
				3622EDAC1D478930005672C0 /* Release */,
			);
			defaultConfigurationIsVisible = 0;
			defaultConfigurationName = Release;
		};
		3622EDAD1D478930005672C0 /* Build configuration list for PBXNativeTarget "CSRecordUITests" */ = {
			isa = XCConfigurationList;
			buildConfigurations = (
				3622EDAE1D478930005672C0 /* Debug */,
				3622EDAF1D478930005672C0 /* Release */,
			);
			defaultConfigurationIsVisible = 0;
			defaultConfigurationName = Release;
		};
/* End XCConfigurationList section */
	};
	rootObject = 3622ED801D478930005672C0 /* Project object */;
}
